
Microsoft Visual Studio Solution File, Format Version 12.00
# Visual Studio 15
VisualStudioVersion = 15.0.28307.489
MinimumVisualStudioVersion = 10.0.40219.1
Project("{FAE04EC0-301F-11D3-BF4B-00C04F79EFBC}") = "TrivieteKamera", "TrivieteKamera\TrivieteKamera.csproj", "{1F32FE19-A4AC-4205-B8FB-11970F6F876E}"
EndProject
Global
	GlobalSection(SolutionConfigurationPlatforms) = preSolution
		Debug|Any CPU = Debug|Any CPU
		Release|Any CPU = Release|Any CPU
	EndGlobalSection
	GlobalSection(ProjectConfigurationPlatforms) = postSolution
		{1F32FE19-A4AC-4205-B8FB-11970F6F876E}.Debug|Any CPU.ActiveCfg = Debug|Any CPU
		{1F32FE19-A4AC-4205-B8FB-11970F6F876E}.Debug|Any CPU.Build.0 = Debug|Any CPU
		{1F32FE19-A4AC-4205-B8FB-11970F6F876E}.Release|Any CPU.ActiveCfg = Release|Any CPU
		{1F32FE19-A4AC-4205-B8FB-11970F6F876E}.Release|Any CPU.Build.0 = Release|Any CPU
	EndGlobalSection
	GlobalSection(SolutionProperties) = preSolution
		HideSolutionNode = FALSE
	EndGlobalSection
	GlobalSection(ExtensibilityGlobals) = postSolution
		SolutionGuid = {AD682349-0178-4AEB-AC40-8FB0EAB02F88}
	EndGlobalSection
EndGlobal
